// !$*UTF8*$!
{
	archiveVersion = 1;
	classes = {
	};
	objectVersion = 46;
	objects = {

/* Begin PBXBuildFile section */
		630A0A731AE8CB3800415E28 /* UserSettingViewController.swift in Sources */ = {isa = PBXBuildFile; fileRef = 630A0A721AE8CB3800415E28 /* UserSettingViewController.swift */; };
		630A0A751AE8E09100415E28 /* profile.jpg in Resources */ = {isa = PBXBuildFile; fileRef = 630A0A741AE8E09100415E28 /* profile.jpg */; };
		636806C81ADFE50800E0411A /* AppDelegate.swift in Sources */ = {isa = PBXBuildFile; fileRef = 636806C71ADFE50800E0411A /* AppDelegate.swift */; };
		636806CD1ADFE50800E0411A /* Main.storyboard in Resources */ = {isa = PBXBuildFile; fileRef = 636806CB1ADFE50800E0411A /* Main.storyboard */; };
		636806CF1ADFE50800E0411A /* Images.xcassets in Resources */ = {isa = PBXBuildFile; fileRef = 636806CE1ADFE50800E0411A /* Images.xcassets */; };
		636806D21ADFE50800E0411A /* LaunchScreen.xib in Resources */ = {isa = PBXBuildFile; fileRef = 636806D01ADFE50800E0411A /* LaunchScreen.xib */; };
		636806DE1ADFE50800E0411A /* WeekTableTests.swift in Sources */ = {isa = PBXBuildFile; fileRef = 636806DD1ADFE50800E0411A /* WeekTableTests.swift */; };
		636806E81ADFE52C00E0411A /* TimeTableViewController.swift in Sources */ = {isa = PBXBuildFile; fileRef = 636806E71ADFE52C00E0411A /* TimeTableViewController.swift */; };
		63C1BD221AE4D61D00D91C04 /* ModalAnimationViewController.swift in Sources */ = {isa = PBXBuildFile; fileRef = 63C1BD211AE4D61D00D91C04 /* ModalAnimationViewController.swift */; };
		63C1BD241AE6288600D91C04 /* KeychainViewController.swift in Sources */ = {isa = PBXBuildFile; fileRef = 63C1BD231AE6288600D91C04 /* KeychainViewController.swift */; };
		63C1BD261AE6290100D91C04 /* Security.framework in Frameworks */ = {isa = PBXBuildFile; fileRef = 63C1BD251AE6290100D91C04 /* Security.framework */; };
		63C1BD2C1AE62B5A00D91C04 /* KeychainAccess.swift in Sources */ = {isa = PBXBuildFile; fileRef = 63C1BD2B1AE62B5A00D91C04 /* KeychainAccess.swift */; };
		63D306D21AE63AFB00FC90AD /* TabBarIconTest.swift in Sources */ = {isa = PBXBuildFile; fileRef = 63D306D11AE63AFB00FC90AD /* TabBarIconTest.swift */; };
		63D306D51AE7446300FC90AD /* not-select.png in Resources */ = {isa = PBXBuildFile; fileRef = 63D306D31AE7446300FC90AD /* not-select.png */; };
		63D306D61AE7446300FC90AD /* select.png in Resources */ = {isa = PBXBuildFile; fileRef = 63D306D41AE7446300FC90AD /* select.png */; };
		63D306D91AE744DF00FC90AD /* ns.png in Resources */ = {isa = PBXBuildFile; fileRef = 63D306D71AE744DF00FC90AD /* ns.png */; };
		63D306DA1AE744DF00FC90AD /* s.png in Resources */ = {isa = PBXBuildFile; fileRef = 63D306D81AE744DF00FC90AD /* s.png */; };
		63DE5A591AE22B1C004350DB /* back.png in Resources */ = {isa = PBXBuildFile; fileRef = 63DE5A581AE22B1C004350DB /* back.png */; };
		63DE5A5B1AE22CF8004350DB /* back2.png in Resources */ = {isa = PBXBuildFile; fileRef = 63DE5A5A1AE22CF7004350DB /* back2.png */; };
		63DE5A5D1AE257F0004350DB /* WeekTimeTableViewController.swift in Sources */ = {isa = PBXBuildFile; fileRef = 63DE5A5C1AE257F0004350DB /* WeekTimeTableViewController.swift */; };
/* End PBXBuildFile section */

/* Begin PBXContainerItemProxy section */
		636806D81ADFE50800E0411A /* PBXContainerItemProxy */ = {
			isa = PBXContainerItemProxy;
			containerPortal = 636806BA1ADFE50800E0411A /* Project object */;
			proxyType = 1;
			remoteGlobalIDString = 636806C11ADFE50800E0411A;
			remoteInfo = WeekTable;
		};
/* End PBXContainerItemProxy section */

/* Begin PBXFileReference section */
		630A0A721AE8CB3800415E28 /* UserSettingViewController.swift */ = {isa = PBXFileReference; fileEncoding = 4; lastKnownFileType = sourcecode.swift; path = UserSettingViewController.swift; sourceTree = "<group>"; };
		630A0A741AE8E09100415E28 /* profile.jpg */ = {isa = PBXFileReference; lastKnownFileType = image.jpeg; path = profile.jpg; sourceTree = "<group>"; };
		636806C21ADFE50800E0411A /* WeekTable.app */ = {isa = PBXFileReference; explicitFileType = wrapper.application; includeInIndex = 0; path = WeekTable.app; sourceTree = BUILT_PRODUCTS_DIR; };
		636806C61ADFE50800E0411A /* Info.plist */ = {isa = PBXFileReference; lastKnownFileType = text.plist.xml; path = Info.plist; sourceTree = "<group>"; };
		636806C71ADFE50800E0411A /* AppDelegate.swift */ = {isa = PBXFileReference; lastKnownFileType = sourcecode.swift; path = AppDelegate.swift; sourceTree = "<group>"; };
		636806CC1ADFE50800E0411A /* Base */ = {isa = PBXFileReference; lastKnownFileType = file.storyboard; name = Base; path = Base.lproj/Main.storyboard; sourceTree = "<group>"; };
		636806CE1ADFE50800E0411A /* Images.xcassets */ = {isa = PBXFileReference; lastKnownFileType = folder.assetcatalog; path = Images.xcassets; sourceTree = "<group>"; };
		636806D11ADFE50800E0411A /* Base */ = {isa = PBXFileReference; lastKnownFileType = file.xib; name = Base; path = Base.lproj/LaunchScreen.xib; sourceTree = "<group>"; };
		636806D71ADFE50800E0411A /* WeekTableTests.xctest */ = {isa = PBXFileReference; explicitFileType = wrapper.cfbundle; includeInIndex = 0; path = WeekTableTests.xctest; sourceTree = BUILT_PRODUCTS_DIR; };
		636806DC1ADFE50800E0411A /* Info.plist */ = {isa = PBXFileReference; lastKnownFileType = text.plist.xml; path = Info.plist; sourceTree = "<group>"; };
		636806DD1ADFE50800E0411A /* WeekTableTests.swift */ = {isa = PBXFileReference; lastKnownFileType = sourcecode.swift; path = WeekTableTests.swift; sourceTree = "<group>"; };
		636806E71ADFE52C00E0411A /* TimeTableViewController.swift */ = {isa = PBXFileReference; fileEncoding = 4; lastKnownFileType = sourcecode.swift; path = TimeTableViewController.swift; sourceTree = "<group>"; };
		63C1BD211AE4D61D00D91C04 /* ModalAnimationViewController.swift */ = {isa = PBXFileReference; fileEncoding = 4; lastKnownFileType = sourcecode.swift; path = ModalAnimationViewController.swift; sourceTree = "<group>"; };
		63C1BD231AE6288600D91C04 /* KeychainViewController.swift */ = {isa = PBXFileReference; fileEncoding = 4; lastKnownFileType = sourcecode.swift; path = KeychainViewController.swift; sourceTree = "<group>"; };
		63C1BD251AE6290100D91C04 /* Security.framework */ = {isa = PBXFileReference; lastKnownFileType = wrapper.framework; name = Security.framework; path = System/Library/Frameworks/Security.framework; sourceTree = SDKROOT; };
		63C1BD2B1AE62B5A00D91C04 /* KeychainAccess.swift */ = {isa = PBXFileReference; fileEncoding = 4; lastKnownFileType = sourcecode.swift; path = KeychainAccess.swift; sourceTree = "<group>"; };
		63D306D11AE63AFB00FC90AD /* TabBarIconTest.swift */ = {isa = PBXFileReference; fileEncoding = 4; lastKnownFileType = sourcecode.swift; path = TabBarIconTest.swift; sourceTree = "<group>"; };
		63D306D31AE7446300FC90AD /* not-select.png */ = {isa = PBXFileReference; lastKnownFileType = image.png; path = "not-select.png"; sourceTree = "<group>"; };
		63D306D41AE7446300FC90AD /* select.png */ = {isa = PBXFileReference; lastKnownFileType = image.png; path = select.png; sourceTree = "<group>"; };
		63D306D71AE744DF00FC90AD /* ns.png */ = {isa = PBXFileReference; lastKnownFileType = image.png; path = ns.png; sourceTree = "<group>"; };
		63D306D81AE744DF00FC90AD /* s.png */ = {isa = PBXFileReference; lastKnownFileType = image.png; path = s.png; sourceTree = "<group>"; };
		63DE5A581AE22B1C004350DB /* back.png */ = {isa = PBXFileReference; lastKnownFileType = image.png; path = back.png; sourceTree = "<group>"; };
		63DE5A5A1AE22CF7004350DB /* back2.png */ = {isa = PBXFileReference; lastKnownFileType = image.png; path = back2.png; sourceTree = "<group>"; };
		63DE5A5C1AE257F0004350DB /* WeekTimeTableViewController.swift */ = {isa = PBXFileReference; fileEncoding = 4; lastKnownFileType = sourcecode.swift; path = WeekTimeTableViewController.swift; sourceTree = "<group>"; };
/* End PBXFileReference section */

/* Begin PBXFrameworksBuildPhase section */
		636806BF1ADFE50800E0411A /* Frameworks */ = {
			isa = PBXFrameworksBuildPhase;
			buildActionMask = 2147483647;
			files = (
				63C1BD261AE6290100D91C04 /* Security.framework in Frameworks */,
			);
			runOnlyForDeploymentPostprocessing = 0;
		};
		636806D41ADFE50800E0411A /* Frameworks */ = {
			isa = PBXFrameworksBuildPhase;
			buildActionMask = 2147483647;
			files = (
			);
			runOnlyForDeploymentPostprocessing = 0;
		};
/* End PBXFrameworksBuildPhase section */

/* Begin PBXGroup section */
		636806B91ADFE50800E0411A = {
			isa = PBXGroup;
			children = (
				63C1BD2B1AE62B5A00D91C04 /* KeychainAccess.swift */,
				63C1BD251AE6290100D91C04 /* Security.framework */,
				636806C41ADFE50800E0411A /* WeekTable */,
				636806DA1ADFE50800E0411A /* WeekTableTests */,
				636806C31ADFE50800E0411A /* Products */,
				63DE5A581AE22B1C004350DB /* back.png */,
				63DE5A5A1AE22CF7004350DB /* back2.png */,
				63D306D31AE7446300FC90AD /* not-select.png */,
				63D306D41AE7446300FC90AD /* select.png */,
				63D306D71AE744DF00FC90AD /* ns.png */,
				63D306D81AE744DF00FC90AD /* s.png */,
				630A0A741AE8E09100415E28 /* profile.jpg */,
			);
			sourceTree = "<group>";
		};
		636806C31ADFE50800E0411A /* Products */ = {
			isa = PBXGroup;
			children = (
				636806C21ADFE50800E0411A /* WeekTable.app */,
				636806D71ADFE50800E0411A /* WeekTableTests.xctest */,
			);
			name = Products;
			sourceTree = "<group>";
		};
		636806C41ADFE50800E0411A /* WeekTable */ = {
			isa = PBXGroup;
			children = (
				636806C71ADFE50800E0411A /* AppDelegate.swift */,
				636806CB1ADFE50800E0411A /* Main.storyboard */,
				630A0A721AE8CB3800415E28 /* UserSettingViewController.swift */,
				63D306D11AE63AFB00FC90AD /* TabBarIconTest.swift */,
				63C1BD231AE6288600D91C04 /* KeychainViewController.swift */,
				63C1BD211AE4D61D00D91C04 /* ModalAnimationViewController.swift */,
				636806E71ADFE52C00E0411A /* TimeTableViewController.swift */,
				63DE5A5C1AE257F0004350DB /* WeekTimeTableViewController.swift */,
				636806CE1ADFE50800E0411A /* Images.xcassets */,
				636806D01ADFE50800E0411A /* LaunchScreen.xib */,
				636806C51ADFE50800E0411A /* Supporting Files */,
			);
			path = WeekTable;
			sourceTree = "<group>";
		};
		636806C51ADFE50800E0411A /* Supporting Files */ = {
			isa = PBXGroup;
			children = (
				636806C61ADFE50800E0411A /* Info.plist */,
			);
			name = "Supporting Files";
			sourceTree = "<group>";
		};
		636806DA1ADFE50800E0411A /* WeekTableTests */ = {
			isa = PBXGroup;
			children = (
				636806DD1ADFE50800E0411A /* WeekTableTests.swift */,
				636806DB1ADFE50800E0411A /* Supporting Files */,
			);
			path = WeekTableTests;
			sourceTree = "<group>";
		};
		636806DB1ADFE50800E0411A /* Supporting Files */ = {
			isa = PBXGroup;
			children = (
				636806DC1ADFE50800E0411A /* Info.plist */,
			);
			name = "Supporting Files";
			sourceTree = "<group>";
		};
/* End PBXGroup section */

/* Begin PBXNativeTarget section */
		636806C11ADFE50800E0411A /* WeekTable */ = {
			isa = PBXNativeTarget;
			buildConfigurationList = 636806E11ADFE50800E0411A /* Build configuration list for PBXNativeTarget "WeekTable" */;
			buildPhases = (
				636806BE1ADFE50800E0411A /* Sources */,
				636806BF1ADFE50800E0411A /* Frameworks */,
				636806C01ADFE50800E0411A /* Resources */,
			);
			buildRules = (
			);
			dependencies = (
			);
			name = WeekTable;
			productName = WeekTable;
			productReference = 636806C21ADFE50800E0411A /* WeekTable.app */;
			productType = "com.apple.product-type.application";
		};
		636806D61ADFE50800E0411A /* WeekTableTests */ = {
			isa = PBXNativeTarget;
			buildConfigurationList = 636806E41ADFE50800E0411A /* Build configuration list for PBXNativeTarget "WeekTableTests" */;
			buildPhases = (
				636806D31ADFE50800E0411A /* Sources */,
				636806D41ADFE50800E0411A /* Frameworks */,
				636806D51ADFE50800E0411A /* Resources */,
			);
			buildRules = (
			);
			dependencies = (
				636806D91ADFE50800E0411A /* PBXTargetDependency */,
			);
			name = WeekTableTests;
			productName = WeekTableTests;
			productReference = 636806D71ADFE50800E0411A /* WeekTableTests.xctest */;
			productType = "com.apple.product-type.bundle.unit-test";
		};
/* End PBXNativeTarget section */

/* Begin PBXProject section */
		636806BA1ADFE50800E0411A /* Project object */ = {
			isa = PBXProject;
			attributes = {
				LastUpgradeCheck = 0630;
				ORGANIZATIONNAME = David;
				TargetAttributes = {
					636806C11ADFE50800E0411A = {
						CreatedOnToolsVersion = 6.3;
						DevelopmentTeam = 55V6ERRQ79;
					};
					636806D61ADFE50800E0411A = {
						CreatedOnToolsVersion = 6.3;
						TestTargetID = 636806C11ADFE50800E0411A;
					};
				};
			};
			buildConfigurationList = 636806BD1ADFE50800E0411A /* Build configuration list for PBXProject "WeekTable" */;
			compatibilityVersion = "Xcode 3.2";
			developmentRegion = English;
			hasScannedForEncodings = 0;
			knownRegions = (
				en,
				Base,
			);
			mainGroup = 636806B91ADFE50800E0411A;
			productRefGroup = 636806C31ADFE50800E0411A /* Products */;
			projectDirPath = "";
			projectRoot = "";
			targets = (
				636806C11ADFE50800E0411A /* WeekTable */,
				636806D61ADFE50800E0411A /* WeekTableTests */,
			);
		};
/* End PBXProject section */

/* Begin PBXResourcesBuildPhase section */
		636806C01ADFE50800E0411A /* Resources */ = {
			isa = PBXResourcesBuildPhase;
			buildActionMask = 2147483647;
			files = (
				63D306DA1AE744DF00FC90AD /* s.png in Resources */,
				63DE5A591AE22B1C004350DB /* back.png in Resources */,
				636806CD1ADFE50800E0411A /* Main.storyboard in Resources */,
				630A0A751AE8E09100415E28 /* profile.jpg in Resources */,
				63D306D91AE744DF00FC90AD /* ns.png in Resources */,
				636806D21ADFE50800E0411A /* LaunchScreen.xib in Resources */,
				63D306D61AE7446300FC90AD /* select.png in Resources */,
				636806CF1ADFE50800E0411A /* Images.xcassets in Resources */,
				63DE5A5B1AE22CF8004350DB /* back2.png in Resources */,
				63D306D51AE7446300FC90AD /* not-select.png in Resources */,
			);
			runOnlyForDeploymentPostprocessing = 0;
		};
		636806D51ADFE50800E0411A /* Resources */ = {
			isa = PBXResourcesBuildPhase;
			buildActionMask = 2147483647;
			files = (
			);
			runOnlyForDeploymentPostprocessing = 0;
		};
/* End PBXResourcesBuildPhase section */

/* Begin PBXSourcesBuildPhase section */
		636806BE1ADFE50800E0411A /* Sources */ = {
			isa = PBXSourcesBuildPhase;
			buildActionMask = 2147483647;
			files = (
				63C1BD241AE6288600D91C04 /* KeychainViewController.swift in Sources */,
				63C1BD2C1AE62B5A00D91C04 /* KeychainAccess.swift in Sources */,
				636806C81ADFE50800E0411A /* AppDelegate.swift in Sources */,
				63D306D21AE63AFB00FC90AD /* TabBarIconTest.swift in Sources */,
				63C1BD221AE4D61D00D91C04 /* ModalAnimationViewController.swift in Sources */,
				63DE5A5D1AE257F0004350DB /* WeekTimeTableViewController.swift in Sources */,
				630A0A731AE8CB3800415E28 /* UserSettingViewController.swift in Sources */,
				636806E81ADFE52C00E0411A /* TimeTableViewController.swift in Sources */,
			);
			runOnlyForDeploymentPostprocessing = 0;
		};
		636806D31ADFE50800E0411A /* Sources */ = {
			isa = PBXSourcesBuildPhase;
			buildActionMask = 2147483647;
			files = (
				636806DE1ADFE50800E0411A /* WeekTableTests.swift in Sources */,
			);
			runOnlyForDeploymentPostprocessing = 0;
		};
/* End PBXSourcesBuildPhase section */

/* Begin PBXTargetDependency section */
		636806D91ADFE50800E0411A /* PBXTargetDependency */ = {
			isa = PBXTargetDependency;
			target = 636806C11ADFE50800E0411A /* WeekTable */;
			targetProxy = 636806D81ADFE50800E0411A /* PBXContainerItemProxy */;
		};
/* End PBXTargetDependency section */

/* Begin PBXVariantGroup section */
		636806CB1ADFE50800E0411A /* Main.storyboard */ = {
			isa = PBXVariantGroup;
			children = (
				636806CC1ADFE50800E0411A /* Base */,
			);
			name = Main.storyboard;
			sourceTree = "<group>";
		};
		636806D01ADFE50800E0411A /* LaunchScreen.xib */ = {
			isa = PBXVariantGroup;
			children = (
				636806D11ADFE50800E0411A /* Base */,
			);
			name = LaunchScreen.xib;
			sourceTree = "<group>";
		};
/* End PBXVariantGroup section */

/* Begin XCBuildConfiguration section */
		636806DF1ADFE50800E0411A /* Debug */ = {
			isa = XCBuildConfiguration;
			buildSettings = {
				ALWAYS_SEARCH_USER_PATHS = NO;
				CLANG_CXX_LANGUAGE_STANDARD = "gnu++0x";
				CLANG_CXX_LIBRARY = "libc++";
				CLANG_ENABLE_MODULES = YES;
				CLANG_ENABLE_OBJC_ARC = YES;
				CLANG_WARN_BOOL_CONVERSION = YES;
				CLANG_WARN_CONSTANT_CONVERSION = YES;
				CLANG_WARN_DIRECT_OBJC_ISA_USAGE = YES_ERROR;
				CLANG_WARN_EMPTY_BODY = YES;
				CLANG_WARN_ENUM_CONVERSION = YES;
				CLANG_WARN_INT_CONVERSION = YES;
				CLANG_WARN_OBJC_ROOT_CLASS = YES_ERROR;
				CLANG_WARN_UNREACHABLE_CODE = YES;
				CLANG_WARN__DUPLICATE_METHOD_MATCH = YES;
				"CODE_SIGN_IDENTITY[sdk=iphoneos*]" = "iPhone Developer";
				COPY_PHASE_STRIP = NO;
				DEBUG_INFORMATION_FORMAT = "dwarf-with-dsym";
				ENABLE_STRICT_OBJC_MSGSEND = YES;
				GCC_C_LANGUAGE_STANDARD = gnu99;
				GCC_DYNAMIC_NO_PIC = NO;
				GCC_NO_COMMON_BLOCKS = YES;
				GCC_OPTIMIZATION_LEVEL = 0;
				GCC_PREPROCESSOR_DEFINITIONS = (
					"DEBUG=1",
					"$(inherited)",
				);
				GCC_SYMBOLS_PRIVATE_EXTERN = NO;
				GCC_WARN_64_TO_32_BIT_CONVERSION = YES;
				GCC_WARN_ABOUT_RETURN_TYPE = YES_ERROR;
				GCC_WARN_UNDECLARED_SELECTOR = YES;
				GCC_WARN_UNINITIALIZED_AUTOS = YES_AGGRESSIVE;
				GCC_WARN_UNUSED_FUNCTION = YES;
				GCC_WARN_UNUSED_VARIABLE = YES;
				IPHONEOS_DEPLOYMENT_TARGET = 8.3;
				MTL_ENABLE_DEBUG_INFO = YES;
				ONLY_ACTIVE_ARCH = YES;
				SDKROOT = iphoneos;
				SWIFT_OPTIMIZATION_LEVEL = "-Onone";
			};
			name = Debug;
		};
		636806E01ADFE50800E0411A /* Release */ = {
			isa = XCBuildConfiguration;
			buildSettings = {
				ALWAYS_SEARCH_USER_PATHS = NO;
				CLANG_CXX_LANGUAGE_STANDARD = "gnu++0x";
				CLANG_CXX_LIBRARY = "libc++";
				CLANG_ENABLE_MODULES = YES;
				CLANG_ENABLE_OBJC_ARC = YES;
				CLANG_WARN_BOOL_CONVERSION = YES;
				CLANG_WARN_CONSTANT_CONVERSION = YES;
				CLANG_WARN_DIRECT_OBJC_ISA_USAGE = YES_ERROR;
				CLANG_WARN_EMPTY_BODY = YES;
				CLANG_WARN_ENUM_CONVERSION = YES;
				CLANG_WARN_INT_CONVERSION = YES;
				CLANG_WARN_OBJC_ROOT_CLASS = YES_ERROR;
				CLANG_WARN_UNREACHABLE_CODE = YES;
				CLANG_WARN__DUPLICATE_METHOD_MATCH = YES;
				"CODE_SIGN_IDENTITY[sdk=iphoneos*]" = "iPhone Developer";
				COPY_PHASE_STRIP = NO;
				DEBUG_INFORMATION_FORMAT = "dwarf-with-dsym";
				ENABLE_NS_ASSERTIONS = NO;
				ENABLE_STRICT_OBJC_MSGSEND = YES;
				GCC_C_LANGUAGE_STANDARD = gnu99;
				GCC_NO_COMMON_BLOCKS = YES;
				GCC_WARN_64_TO_32_BIT_CONVERSION = YES;
				GCC_WARN_ABOUT_RETURN_TYPE = YES_ERROR;
				GCC_WARN_UNDECLARED_SELECTOR = YES;
				GCC_WARN_UNINITIALIZED_AUTOS = YES_AGGRESSIVE;
				GCC_WARN_UNUSED_FUNCTION = YES;
				GCC_WARN_UNUSED_VARIABLE = YES;
				IPHONEOS_DEPLOYMENT_TARGET = 8.3;
				MTL_ENABLE_DEBUG_INFO = NO;
				SDKROOT = iphoneos;
				VALIDATE_PRODUCT = YES;
			};
			name = Release;
		};
		636806E21ADFE50800E0411A /* Debug */ = {
			isa = XCBuildConfiguration;
			buildSettings = {
				ASSETCATALOG_COMPILER_APPICON_NAME = AppIcon;
				CLANG_ENABLE_MODULES = YES;
				CODE_SIGN_IDENTITY = "iPhone Developer: Lin Li-Ying (NFF58M6TTS)";
				"CODE_SIGN_IDENTITY[sdk=iphoneos*]" = "iPhone Developer";
				INFOPLIST_FILE = WeekTable/Info.plist;
				LD_RUNPATH_SEARCH_PATHS = "$(inherited) @executable_path/Frameworks";
				PRODUCT_NAME = "$(TARGET_NAME)";
				PROVISIONING_PROFILE = "";
				SWIFT_OBJC_BRIDGING_HEADER = "";
				SWIFT_OPTIMIZATION_LEVEL = "-Onone";
			};
			name = Debug;
		};
		636806E31ADFE50800E0411A /* Release */ = {
			isa = XCBuildConfiguration;
			buildSettings = {
				ASSETCATALOG_COMPILER_APPICON_NAME = AppIcon;
				CLANG_ENABLE_MODULES = YES;
				CODE_SIGN_IDENTITY = "iPhone Developer: Lin Li-Ying (NFF58M6TTS)";
				"CODE_SIGN_IDENTITY[sdk=iphoneos*]" = "iPhone Developer";
				INFOPLIST_FILE = WeekTable/Info.plist;
				LD_RUNPATH_SEARCH_PATHS = "$(inherited) @executable_path/Frameworks";
				PRODUCT_NAME = "$(TARGET_NAME)";
				PROVISIONING_PROFILE = "";
				SWIFT_OBJC_BRIDGING_HEADER = "";
			};
			name = Release;
		};
		636806E51ADFE50800E0411A /* Debug */ = {
			isa = XCBuildConfiguration;
			buildSettings = {
				BUNDLE_LOADER = "$(TEST_HOST)";
				FRAMEWORK_SEARCH_PATHS = (
					"$(SDKROOT)/Developer/Library/Frameworks",
					"$(inherited)",
				);
				GCC_PREPROCESSOR_DEFINITIONS = (
					"DEBUG=1",
					"$(inherited)",
				);
				INFOPLIST_FILE = WeekTableTests/Info.plist;
				LD_RUNPATH_SEARCH_PATHS = "$(inherited) @executable_path/Frameworks @loader_path/Frameworks";
				PRODUCT_NAME = "$(TARGET_NAME)";
				TEST_HOST = "$(BUILT_PRODUCTS_DIR)/WeekTable.app/WeekTable";
			};
			name = Debug;
		};
		636806E61ADFE50800E0411A /* Release */ = {
			isa = XCBuildConfiguration;
			buildSettings = {
				BUNDLE_LOADER = "$(TEST_HOST)";
				FRAMEWORK_SEARCH_PATHS = (
					"$(SDKROOT)/Developer/Library/Frameworks",
					"$(inherited)",
				);
				INFOPLIST_FILE = WeekTableTests/Info.plist;
				LD_RUNPATH_SEARCH_PATHS = "$(inherited) @executable_path/Frameworks @loader_path/Frameworks";
				PRODUCT_NAME = "$(TARGET_NAME)";
				TEST_HOST = "$(BUILT_PRODUCTS_DIR)/WeekTable.app/WeekTable";
			};
			name = Release;
		};
/* End XCBuildConfiguration section */

/* Begin XCConfigurationList section */
		636806BD1ADFE50800E0411A /* Build configuration list for PBXProject "WeekTable" */ = {
			isa = XCConfigurationList;
			buildConfigurations = (
				636806DF1ADFE50800E0411A /* Debug */,
				636806E01ADFE50800E0411A /* Release */,
			);
			defaultConfigurationIsVisible = 0;
			defaultConfigurationName = Release;
		};
		636806E11ADFE50800E0411A /* Build configuration list for PBXNativeTarget "WeekTable" */ = {
			isa = XCConfigurationList;
			buildConfigurations = (
				636806E21ADFE50800E0411A /* Debug */,
				636806E31ADFE50800E0411A /* Release */,
			);
			defaultConfigurationIsVisible = 0;
			defaultConfigurationName = Release;
		};
		636806E41ADFE50800E0411A /* Build configuration list for PBXNativeTarget "WeekTableTests" */ = {
			isa = XCConfigurationList;
			buildConfigurations = (
				636806E51ADFE50800E0411A /* Debug */,
				636806E61ADFE50800E0411A /* Release */,
			);
			defaultConfigurationIsVisible = 0;
			defaultConfigurationName = Release;
		};
/* End XCConfigurationList section */
	};
	rootObject = 636806BA1ADFE50800E0411A /* Project object */;
}
